
Microsoft Visual Studio Solution File, Format Version 12.00
# Visual Studio Version 17
VisualStudioVersion = 17.3.32825.248
MinimumVisualStudioVersion = 10.0.40219.1
Project("{FAE04EC0-301F-11D3-BF4B-00C04F79EFBC}") = "Keywords", "Keywords\Keywords.csproj", "{32D73866-7CA8-411C-9D0C-2132EB7778D2}"
EndProject
Global
	GlobalSection(SolutionConfigurationPlatforms) = preSolution
		Debug|Any CPU = Debug|Any CPU
		Release|Any CPU = Release|Any CPU
	EndGlobalSection
	GlobalSection(ProjectConfigurationPlatforms) = postSolution
		{32D73866-7CA8-411C-9D0C-2132EB7778D2}.Debug|Any CPU.ActiveCfg = Debug|Any CPU
		{32D73866-7CA8-411C-9D0C-2132EB7778D2}.Debug|Any CPU.Build.0 = Debug|Any CPU
		{32D73866-7CA8-411C-9D0C-2132EB7778D2}.Release|Any CPU.ActiveCfg = Release|Any CPU
		{32D73866-7CA8-411C-9D0C-2132EB7778D2}.Release|Any CPU.Build.0 = Release|Any CPU
	EndGlobalSection
	GlobalSection(SolutionProperties) = preSolution
		HideSolutionNode = FALSE
	EndGlobalSection
	GlobalSection(ExtensibilityGlobals) = postSolution
		SolutionGuid = {1D75A827-61ED-4881-A042-0F06C2F3DEA1}
	EndGlobalSection
EndGlobal
